
Microsoft Visual Studio Solution File, Format Version 12.00
# Visual Studio 15
VisualStudioVersion = 15.0.28307.421
MinimumVisualStudioVersion = 10.0.40219.1
Project("{9A19103F-16F7-4668-BE54-9A1E7A4F7556}") = "DevOpsDemoWithMSTestProj", "DevOpsDemoWithMSTestProj\DevOpsDemoWithMSTestProj.csproj", "{8EBECA18-3A15-4C48-A3DA-1B0DF6619BD3}"
	ProjectSection(ProjectDependencies) = postProject
		{291FD808-D72A-446C-866C-47F3D1CEC42B} = {291FD808-D72A-446C-866C-47F3D1CEC42B}
	EndProjectSection
EndProject
Project("{2150E333-8FDC-42A3-9474-1A3956D46DE8}") = "Test", "Test", "{BC289D89-A869-44FD-AE3C-AE159E3BCFC0}"
EndProject
Project("{9A19103F-16F7-4668-BE54-9A1E7A4F7556}") = "DevOpsDemoTest", "DevOpsDemoTest\DevOpsDemoTest.csproj", "{291FD808-D72A-446C-866C-47F3D1CEC42B}"
EndProject
Global
	GlobalSection(SolutionConfigurationPlatforms) = preSolution
		Debug|Any CPU = Debug|Any CPU
		Release|Any CPU = Release|Any CPU
	EndGlobalSection
	GlobalSection(ProjectConfigurationPlatforms) = postSolution
		{8EBECA18-3A15-4C48-A3DA-1B0DF6619BD3}.Debug|Any CPU.ActiveCfg = Debug|Any CPU
		{8EBECA18-3A15-4C48-A3DA-1B0DF6619BD3}.Debug|Any CPU.Build.0 = Debug|Any CPU
		{8EBECA18-3A15-4C48-A3DA-1B0DF6619BD3}.Release|Any CPU.ActiveCfg = Release|Any CPU
		{8EBECA18-3A15-4C48-A3DA-1B0DF6619BD3}.Release|Any CPU.Build.0 = Release|Any CPU
		{291FD808-D72A-446C-866C-47F3D1CEC42B}.Debug|Any CPU.ActiveCfg = Debug|Any CPU
		{291FD808-D72A-446C-866C-47F3D1CEC42B}.Debug|Any CPU.Build.0 = Debug|Any CPU
		{291FD808-D72A-446C-866C-47F3D1CEC42B}.Release|Any CPU.ActiveCfg = Release|Any CPU
		{291FD808-D72A-446C-866C-47F3D1CEC42B}.Release|Any CPU.Build.0 = Release|Any CPU
	EndGlobalSection
	GlobalSection(SolutionProperties) = preSolution
		HideSolutionNode = FALSE
	EndGlobalSection
	GlobalSection(NestedProjects) = preSolution
		{291FD808-D72A-446C-866C-47F3D1CEC42B} = {BC289D89-A869-44FD-AE3C-AE159E3BCFC0}
	EndGlobalSection
	GlobalSection(ExtensibilityGlobals) = postSolution
		SolutionGuid = {C2EC0815-E858-4202-9FE7-54DBA88CF559}
	EndGlobalSection
EndGlobal
